{
    "_readme": [
        "This file locks the dependencies of your project to a known state",
        "Read more about it at https://getcomposer.org/doc/01-basic-usage.md#installing-dependencies",
        "This file is @generated automatically"
    ],
    "content-hash": "db7775a97eb8d007eeacc348e427b441",
    "packages": [
        {
            "name": "massfice/action",
            "version": "v1.0.4",
            "source": {
                "type": "git",
                "url": "https://github.com/Massfice/action.git",
                "reference": "ae152e955155190fa7a734c0308b7c887a7f0b7e"
            },
            "dist": {
                "type": "zip",
                "url": "https://api.github.com/repos/Massfice/action/zipball/ae152e955155190fa7a734c0308b7c887a7f0b7e",
                "reference": "ae152e955155190fa7a734c0308b7c887a7f0b7e",
                "shasum": ""
            },
            "require": {
                "massfice/response-status": "^v1.0"
            },
            "type": "library",
            "autoload": {
                "psr-4": {
                    "Massfice\\Action\\": "src/"
                }
            },
            "notification-url": "https://packagist.org/downloads/",
            "license": [
                "MIT"
            ],
            "authors": [
                {
                    "name": "Massfice",
                    "email": "adrian.marian.tomasz.larysz@gmail.com"
                }
            ],
            "description": "This package contains action interfaces and factiories. This is for my diploma project.",
            "time": "2020-01-25T17:11:51+00:00"
        },
        {
            "name": "massfice/action-executor",
            "version": "v1.0.1",
            "source": {
                "type": "git",
                "url": "https://github.com/Massfice/action-executor.git",
                "reference": "bae73a28f9f4de0a0a2d8bf25a7ba18cb1fff78e"
            },
            "dist": {
                "type": "zip",
                "url": "https://api.github.com/repos/Massfice/action-executor/zipball/bae73a28f9f4de0a0a2d8bf25a7ba18cb1fff78e",
                "reference": "bae73a28f9f4de0a0a2d8bf25a7ba18cb1fff78e",
                "shasum": ""
            },
            "require": {
                "massfice/action": "^1.0"
            },
            "type": "library",
            "autoload": {
                "psr-4": {
                    "Massfice\\ActionExecutor\\": "src/"
                }
            },
            "notification-url": "https://packagist.org/downloads/",
            "license": [
                "MIT"
            ],
            "authors": [
                {
                    "name": "Massfice",
                    "email": "adrian.marian.tomasz.larysz@gmail.com"
                }
            ],
            "description": "Action executors for my diploma project.",
            "time": "2020-01-25T15:51:20+00:00"
        },
        {
            "name": "massfice/action-manager",
            "version": "v1.0.3",
            "source": {
                "type": "git",
                "url": "https://github.com/Massfice/action-manager.git",
                "reference": "db76299c1b0f8eb8c74ec5741f56da8967c3eb49"
            },
            "dist": {
                "type": "zip",
                "url": "https://api.github.com/repos/Massfice/action-manager/zipball/db76299c1b0f8eb8c74ec5741f56da8967c3eb49",
                "reference": "db76299c1b0f8eb8c74ec5741f56da8967c3eb49",
                "shasum": ""
            },
            "require": {
                "massfice/action": "^1.0.1",
                "massfice/action-executor": "^1.0"
            },
            "type": "library",
            "autoload": {
                "psr-4": {
                    "Massfice\\ActionManager\\": "src/"
                }
            },
            "notification-url": "https://packagist.org/downloads/",
            "license": [
                "MIT"
            ],
            "authors": [
                {
                    "name": "Massfice",
                    "email": "adrian.marian.tomasz.larysz@gmail.com"
                }
            ],
            "description": "Managers for my actions and related factory. It is for my diploma project.",
            "time": "2020-01-25T15:59:18+00:00"
        },
        {
            "name": "massfice/clean-url",
            "version": "v1.0.1",
            "source": {
                "type": "git",
                "url": "https://github.com/Massfice/clean-url.git",
                "reference": "8e91132f30e80cf46660a9af178cf1c463892a89"
            },
            "dist": {
                "type": "zip",
                "url": "https://api.github.com/repos/Massfice/clean-url/zipball/8e91132f30e80cf46660a9af178cf1c463892a89",
                "reference": "8e91132f30e80cf46660a9af178cf1c463892a89",
                "shasum": ""
            },
            "type": "libarary",
            "autoload": {
                "psr-4": {
                    "Massfice\\CleanUrl\\": "src/"
                }
            },
            "notification-url": "https://packagist.org/downloads/",
            "license": [
                "MIT"
            ],
            "authors": [
                {
                    "name": "Massfice",
                    "email": "adrian.marian.tomasz.larysz@gmail.com"
                }
            ],
            "description": "Class that handle clean urls, action, type, etc. To use this class, you have to properly configure .htaccess file. This is for my diploma project.",
            "time": "2020-01-25T20:35:35+00:00"
        },
        {
            "name": "massfice/response-status",
            "version": "v1.0.2",
            "source": {
                "type": "git",
                "url": "https://github.com/Massfice/response-status.git",
                "reference": "5131211639ccc950fe5de494153ff363f6f077ca"
            },
            "dist": {
                "type": "zip",
                "url": "https://api.github.com/repos/Massfice/response-status/zipball/5131211639ccc950fe5de494153ff363f6f077ca",
                "reference": "5131211639ccc950fe5de494153ff363f6f077ca",
                "shasum": ""
            },
            "type": "library",
            "autoload": {
                "psr-4": {
                    "Massfice\\ResponseStatus\\": "src/"
                }
            },
            "notification-url": "https://packagist.org/downloads/",
            "license": [
                "MIT"
            ],
            "authors": [
                {
                    "name": "Massfice",
                    "email": "adrian.marian.tomasz.larysz@gmail.com"
                }
            ],
            "description": "Package contains response-status class, that contains info about validation status, response http code, errors array, messages, etc. Project for my diploma.",
            "time": "2020-01-25T17:06:20+00:00"
        }
    ],
    "packages-dev": [],
    "aliases": [],
    "minimum-stability": "stable",
    "stability-flags": [],
    "prefer-stable": false,
    "prefer-lowest": false,
    "platform": [],
    "platform-dev": []
}
